
Microsoft Visual Studio Solution File, Format Version 12.00
# Visual Studio Version 17
VisualStudioVersion = 17.8.34322.80
MinimumVisualStudioVersion = 10.0.40219.1
Project("{FAE04EC0-301F-11D3-BF4B-00C04F79EFBC}") = "Space ships", "Space ships.csproj", "{BCC73D95-6BED-4BB2-8C3B-5EF343FAE271}"
EndProject
Global
	GlobalSection(SolutionConfigurationPlatforms) = preSolution
		Debug|Any CPU = Debug|Any CPU
		Release|Any CPU = Release|Any CPU
	EndGlobalSection
	GlobalSection(ProjectConfigurationPlatforms) = postSolution
		{BCC73D95-6BED-4BB2-8C3B-5EF343FAE271}.Debug|Any CPU.ActiveCfg = Debug|Any CPU
		{BCC73D95-6BED-4BB2-8C3B-5EF343FAE271}.Debug|Any CPU.Build.0 = Debug|Any CPU
		{BCC73D95-6BED-4BB2-8C3B-5EF343FAE271}.Debug|Any CPU.Deploy.0 = Debug|Any CPU
		{BCC73D95-6BED-4BB2-8C3B-5EF343FAE271}.Release|Any CPU.ActiveCfg = Release|Any CPU
		{BCC73D95-6BED-4BB2-8C3B-5EF343FAE271}.Release|Any CPU.Build.0 = Release|Any CPU
		{BCC73D95-6BED-4BB2-8C3B-5EF343FAE271}.Release|Any CPU.Deploy.0 = Release|Any CPU
	EndGlobalSection
	GlobalSection(SolutionProperties) = preSolution
		HideSolutionNode = FALSE
	EndGlobalSection
	GlobalSection(ExtensibilityGlobals) = postSolution
		SolutionGuid = {251081E7-880E-4F33-A3F6-251BF8E9A04F}
	EndGlobalSection
EndGlobal
